// !$*UTF8*$!
{
	archiveVersion = 1;
	classes = {
	};
	objectVersion = 50;
	objects = {

/* Begin PBXAggregateTarget section */
		E7C47C8A2189AD5E009F4FFE /* Package iOS */ = {
			isa = PBXAggregateTarget;
			buildConfigurationList = E7C47C8D2189AD5E009F4FFE /* Build configuration list for PBXAggregateTarget "Package iOS" */;
			buildPhases = (
				E7C47C8E2189AD8D009F4FFE /* ShellScript */,
			);
			dependencies = (
			);
			name = "Package iOS";
			productName = "Package iOS";
		};
/* End PBXAggregateTarget section */

/* Begin PBXBuildFile section */
		E73604AA21881EDE0085CCE5 /* BeachyEMVReaderControl.swift in Sources */ = {isa = PBXBuildFile; fileRef = E73604A921881EDE0085CCE5 /* BeachyEMVReaderControl.swift */; };
		E75555952187289300C46B5D /* BeachyEMVReaderControl.h in Headers */ = {isa = PBXBuildFile; fileRef = E75555932187289300C46B5D /* BeachyEMVReaderControl.h */; settings = {ATTRIBUTES = (Public, ); }; };
		E755559E218728B700C46B5D /* BLE.swift in Sources */ = {isa = PBXBuildFile; fileRef = E755559C218728B700C46B5D /* BLE.swift */; };
		E755559F218728B700C46B5D /* BLEDevice.swift in Sources */ = {isa = PBXBuildFile; fileRef = E755559D218728B700C46B5D /* BLEDevice.swift */; };
		E75555A2218728C000C46B5D /* EMVDevice.swift in Sources */ = {isa = PBXBuildFile; fileRef = E75555A1218728C000C46B5D /* EMVDevice.swift */; };
		E75555A5218728C600C46B5D /* DecryptionUtility.swift in Sources */ = {isa = PBXBuildFile; fileRef = E75555A4218728C600C46B5D /* DecryptionUtility.swift */; };
		E75555AB218728D300C46B5D /* UInt8Array+Hex.swift in Sources */ = {isa = PBXBuildFile; fileRef = E75555A7218728D300C46B5D /* UInt8Array+Hex.swift */; };
		E75555AC218728D300C46B5D /* Collection+Hex.swift in Sources */ = {isa = PBXBuildFile; fileRef = E75555A8218728D300C46B5D /* Collection+Hex.swift */; };
		E75555AD218728D300C46B5D /* Data+Hex.swift in Sources */ = {isa = PBXBuildFile; fileRef = E75555A9218728D300C46B5D /* Data+Hex.swift */; };
		E75555AE218728D300C46B5D /* String+Hex.swift in Sources */ = {isa = PBXBuildFile; fileRef = E75555AA218728D300C46B5D /* String+Hex.swift */; };
		E75555B3218729EA00C46B5D /* CoreBluetooth.framework in Frameworks */ = {isa = PBXBuildFile; fileRef = E75555B2218729EA00C46B5D /* CoreBluetooth.framework */; };
		E75555BF21872F9300C46B5D /* BeachyEMVIDT.h in Headers */ = {isa = PBXBuildFile; fileRef = E75555BE21872F4100C46B5D /* BeachyEMVIDT.h */; settings = {ATTRIBUTES = (Public, ); }; };
		E763C74A218B65850079C521 /* IDTech.framework in Frameworks */ = {isa = PBXBuildFile; fileRef = E763C749218B65850079C521 /* IDTech.framework */; };
/* End PBXBuildFile section */

/* Begin PBXFileReference section */
		E73604A921881EDE0085CCE5 /* BeachyEMVReaderControl.swift */ = {isa = PBXFileReference; lastKnownFileType = sourcecode.swift; path = BeachyEMVReaderControl.swift; sourceTree = "<group>"; };
		E75555902187289300C46B5D /* BeachyEMVReaderControl.framework */ = {isa = PBXFileReference; explicitFileType = wrapper.framework; includeInIndex = 0; path = BeachyEMVReaderControl.framework; sourceTree = BUILT_PRODUCTS_DIR; };
		E75555932187289300C46B5D /* BeachyEMVReaderControl.h */ = {isa = PBXFileReference; lastKnownFileType = sourcecode.c.h; path = BeachyEMVReaderControl.h; sourceTree = "<group>"; };
		E75555942187289300C46B5D /* Info.plist */ = {isa = PBXFileReference; lastKnownFileType = text.plist.xml; path = Info.plist; sourceTree = "<group>"; };
		E755559C218728B700C46B5D /* BLE.swift */ = {isa = PBXFileReference; fileEncoding = 4; lastKnownFileType = sourcecode.swift; path = BLE.swift; sourceTree = "<group>"; };
		E755559D218728B700C46B5D /* BLEDevice.swift */ = {isa = PBXFileReference; fileEncoding = 4; lastKnownFileType = sourcecode.swift; path = BLEDevice.swift; sourceTree = "<group>"; };
		E75555A1218728C000C46B5D /* EMVDevice.swift */ = {isa = PBXFileReference; fileEncoding = 4; lastKnownFileType = sourcecode.swift; path = EMVDevice.swift; sourceTree = "<group>"; };
		E75555A4218728C600C46B5D /* DecryptionUtility.swift */ = {isa = PBXFileReference; fileEncoding = 4; lastKnownFileType = sourcecode.swift; path = DecryptionUtility.swift; sourceTree = "<group>"; };
		E75555A7218728D300C46B5D /* UInt8Array+Hex.swift */ = {isa = PBXFileReference; fileEncoding = 4; lastKnownFileType = sourcecode.swift; path = "UInt8Array+Hex.swift"; sourceTree = "<group>"; };
		E75555A8218728D300C46B5D /* Collection+Hex.swift */ = {isa = PBXFileReference; fileEncoding = 4; lastKnownFileType = sourcecode.swift; path = "Collection+Hex.swift"; sourceTree = "<group>"; };
		E75555A9218728D300C46B5D /* Data+Hex.swift */ = {isa = PBXFileReference; fileEncoding = 4; lastKnownFileType = sourcecode.swift; path = "Data+Hex.swift"; sourceTree = "<group>"; };
		E75555AA218728D300C46B5D /* String+Hex.swift */ = {isa = PBXFileReference; fileEncoding = 4; lastKnownFileType = sourcecode.swift; path = "String+Hex.swift"; sourceTree = "<group>"; };
		E75555B2218729EA00C46B5D /* CoreBluetooth.framework */ = {isa = PBXFileReference; lastKnownFileType = wrapper.framework; name = CoreBluetooth.framework; path = System/Library/Frameworks/CoreBluetooth.framework; sourceTree = SDKROOT; };
		E75555BE21872F4100C46B5D /* BeachyEMVIDT.h */ = {isa = PBXFileReference; lastKnownFileType = sourcecode.c.h; path = BeachyEMVIDT.h; sourceTree = "<group>"; };
		E75555C721875E8F00C46B5D /* module.modulemap */ = {isa = PBXFileReference; lastKnownFileType = "sourcecode.module-map"; path = module.modulemap; sourceTree = "<group>"; };
		E763C749218B65850079C521 /* IDTech.framework */ = {isa = PBXFileReference; lastKnownFileType = wrapper.framework; name = IDTech.framework; path = BeachyEMVReaderControl/IDTech.framework; sourceTree = SOURCE_ROOT; };
/* End PBXFileReference section */

/* Begin PBXFrameworksBuildPhase section */
		E755558D2187289300C46B5D /* Frameworks */ = {
			isa = PBXFrameworksBuildPhase;
			buildActionMask = 2147483647;
			files = (
				E75555B3218729EA00C46B5D /* CoreBluetooth.framework in Frameworks */,
				E763C74A218B65850079C521 /* IDTech.framework in Frameworks */,
			);
			runOnlyForDeploymentPostprocessing = 0;
		};
/* End PBXFrameworksBuildPhase section */

/* Begin PBXGroup section */
		E75555862187289300C46B5D = {
			isa = PBXGroup;
			children = (
				E75555922187289300C46B5D /* BeachyEMVReaderControl */,
				E75555912187289300C46B5D /* Products */,
				E75555B1218729EA00C46B5D /* Frameworks */,
			);
			sourceTree = "<group>";
		};
		E75555912187289300C46B5D /* Products */ = {
			isa = PBXGroup;
			children = (
				E75555902187289300C46B5D /* BeachyEMVReaderControl.framework */,
			);
			name = Products;
			sourceTree = "<group>";
		};
		E75555922187289300C46B5D /* BeachyEMVReaderControl */ = {
			isa = PBXGroup;
			children = (
				E75555C021873D3A00C46B5D /* IDTech */,
				E75555A6218728D300C46B5D /* Extensions */,
				E75555A3218728C600C46B5D /* DecryptionUtility */,
				E75555A0218728C000C46B5D /* EMVReader */,
				E755559B218728B700C46B5D /* BLE */,
				E75555932187289300C46B5D /* BeachyEMVReaderControl.h */,
				E73604A921881EDE0085CCE5 /* BeachyEMVReaderControl.swift */,
				E75555BE21872F4100C46B5D /* BeachyEMVIDT.h */,
				E75555942187289300C46B5D /* Info.plist */,
				E75555C821875E9800C46B5D /* ProjectModule */,
			);
			path = BeachyEMVReaderControl;
			sourceTree = "<group>";
		};
		E755559B218728B700C46B5D /* BLE */ = {
			isa = PBXGroup;
			children = (
				E755559C218728B700C46B5D /* BLE.swift */,
				E755559D218728B700C46B5D /* BLEDevice.swift */,
			);
			path = BLE;
			sourceTree = "<group>";
		};
		E75555A0218728C000C46B5D /* EMVReader */ = {
			isa = PBXGroup;
			children = (
				E75555A1218728C000C46B5D /* EMVDevice.swift */,
			);
			path = EMVReader;
			sourceTree = "<group>";
		};
		E75555A3218728C600C46B5D /* DecryptionUtility */ = {
			isa = PBXGroup;
			children = (
				E75555A4218728C600C46B5D /* DecryptionUtility.swift */,
			);
			path = DecryptionUtility;
			sourceTree = "<group>";
		};
		E75555A6218728D300C46B5D /* Extensions */ = {
			isa = PBXGroup;
			children = (
				E75555A7218728D300C46B5D /* UInt8Array+Hex.swift */,
				E75555A8218728D300C46B5D /* Collection+Hex.swift */,
				E75555A9218728D300C46B5D /* Data+Hex.swift */,
				E75555AA218728D300C46B5D /* String+Hex.swift */,
			);
			path = Extensions;
			sourceTree = "<group>";
		};
		E75555B1218729EA00C46B5D /* Frameworks */ = {
			isa = PBXGroup;
			children = (
				E75555B2218729EA00C46B5D /* CoreBluetooth.framework */,
			);
			name = Frameworks;
			sourceTree = "<group>";
		};
		E75555C021873D3A00C46B5D /* IDTech */ = {
			isa = PBXGroup;
			children = (
				E763C749218B65850079C521 /* IDTech.framework */,
			);
			path = IDTech;
			sourceTree = "<group>";
		};
		E75555C821875E9800C46B5D /* ProjectModule */ = {
			isa = PBXGroup;
			children = (
				E75555C721875E8F00C46B5D /* module.modulemap */,
			);
			path = ProjectModule;
			sourceTree = "<group>";
		};
/* End PBXGroup section */

/* Begin PBXHeadersBuildPhase section */
		E755558B2187289300C46B5D /* Headers */ = {
			isa = PBXHeadersBuildPhase;
			buildActionMask = 2147483647;
			files = (
				E75555952187289300C46B5D /* BeachyEMVReaderControl.h in Headers */,
				E75555BF21872F9300C46B5D /* BeachyEMVIDT.h in Headers */,
			);
			runOnlyForDeploymentPostprocessing = 0;
		};
/* End PBXHeadersBuildPhase section */

/* Begin PBXNativeTarget section */
		E755558F2187289300C46B5D /* BeachyEMVReaderControl */ = {
			isa = PBXNativeTarget;
			buildConfigurationList = E75555982187289300C46B5D /* Build configuration list for PBXNativeTarget "BeachyEMVReaderControl" */;
			buildPhases = (
				E755558B2187289300C46B5D /* Headers */,
				E755558C2187289300C46B5D /* Sources */,
				E755558D2187289300C46B5D /* Frameworks */,
				E755558E2187289300C46B5D /* Resources */,
				E77CCFD42188B8BE006720E0 /* ShellScript */,
			);
			buildRules = (
			);
			dependencies = (
			);
			name = BeachyEMVReaderControl;
			productName = BeachyEMVReaderControl;
			productReference = E75555902187289300C46B5D /* BeachyEMVReaderControl.framework */;
			productType = "com.apple.product-type.framework";
		};
/* End PBXNativeTarget section */

/* Begin PBXProject section */
		E75555872187289300C46B5D /* Project object */ = {
			isa = PBXProject;
			attributes = {
				LastUpgradeCheck = 1000;
				ORGANIZATIONNAME = Beachy;
				TargetAttributes = {
					E755558F2187289300C46B5D = {
						CreatedOnToolsVersion = 10.0;
					};
					E7C47C8A2189AD5E009F4FFE = {
						CreatedOnToolsVersion = 10.0;
					};
				};
			};
			buildConfigurationList = E755558A2187289300C46B5D /* Build configuration list for PBXProject "BeachyEMVReaderControl" */;
			compatibilityVersion = "Xcode 9.3";
			developmentRegion = en;
			hasScannedForEncodings = 0;
			knownRegions = (
				en,
			);
			mainGroup = E75555862187289300C46B5D;
			productRefGroup = E75555912187289300C46B5D /* Products */;
			projectDirPath = "";
			projectRoot = "";
			targets = (
				E755558F2187289300C46B5D /* BeachyEMVReaderControl */,
				E7C47C8A2189AD5E009F4FFE /* Package iOS */,
			);
		};
/* End PBXProject section */

/* Begin PBXResourcesBuildPhase section */
		E755558E2187289300C46B5D /* Resources */ = {
			isa = PBXResourcesBuildPhase;
			buildActionMask = 2147483647;
			files = (
			);
			runOnlyForDeploymentPostprocessing = 0;
		};
/* End PBXResourcesBuildPhase section */

/* Begin PBXShellScriptBuildPhase section */
		E77CCFD42188B8BE006720E0 /* ShellScript */ = {
			isa = PBXShellScriptBuildPhase;
			buildActionMask = 2147483647;
			files = (
			);
			inputFileListPaths = (
			);
			inputPaths = (
			);
			outputFileListPaths = (
			);
			outputPaths = (
			);
			runOnlyForDeploymentPostprocessing = 0;
			shellPath = /bin/sh;
			shellScript = "
";
		};
		E7C47C8E2189AD8D009F4FFE /* ShellScript */ = {
			isa = PBXShellScriptBuildPhase;
			buildActionMask = 2147483647;
			files = (
			);
			inputFileListPaths = (
			);
			inputPaths = (
			);
			outputFileListPaths = (
			);
			outputPaths = (
			);
			runOnlyForDeploymentPostprocessing = 0;
			shellPath = /bin/sh;
			shellScript = "#!/bin/sh\n\n# Step 1: Define Macros\nRELEASE_TYPE=\"\"\nFRAMEWORK_VERSION=\"NOTRIAL_VERSION\"\n\n# Step 2: Define OS and directories\nUNIVERSAL_TARGET=\"\"\nUNIVERSAL_OUTPUTFOLDER=${BUILD_DIR}/${CONFIGURATION}-universal\nUNIVERSAL_FRAMEWORKFOLDER=${PROJECT_NAME}${RELEASE_TYPE}\nDEVICE_OS=\"iphoneos\"\nDEVICE_SIMULATOR=\"iphonesimulator\"\n\n# Step 3: Make sure the output directories exists\nmkdir -p \"${UNIVERSAL_OUTPUTFOLDER}\"\nmkdir -p \"${UNIVERSAL_FRAMEWORKFOLDER}\"\n\n# Step 4: Build Device and Simulator versions\n# See: https://developer.apple.com/legacy/library/documentation/Darwin/Reference/ManPages/man1/xcodebuild.1.html\nxcodebuild -target \"${PROJECT_NAME}\" ONLY_ACTIVE_ARCH=NO -configuration ${CONFIGURATION} -sdk ${DEVICE_OS}  BUILD_DIR=\"${BUILD_DIR}\" BUILD_ROOT=\"${BUILD_ROOT}\" OTHER_SWIFT_FLAGS=\"-D ${FRAMEWORK_VERSION}\" clean build\nxcodebuild -target \"${PROJECT_NAME}\" VALID_ARCHS=\"x86_64 i386\" -configuration ${CONFIGURATION} -sdk ${DEVICE_SIMULATOR} ONLY_ACTIVE_ARCH=NO BUILD_DIR=\"${BUILD_DIR}\" BUILD_ROOT=\"${BUILD_ROOT}\" OTHER_SWIFT_FLAGS=\"-D ${FRAMEWORK_VERSION}\" clean build\n\n# Step 5: Copy the framework structure (from iphoneos build) to the universal folder\ncp -R \"${BUILD_DIR}/${CONFIGURATION}-${DEVICE_OS}/${PROJECT_NAME}.framework\" \"${UNIVERSAL_OUTPUTFOLDER}/\"\n\n# Step 6: Copy Swift modules from iphonesimulator build (if it exists) to the copied framework directory\nSIMULATOR_SWIFT_MODULES_DIR=\"${BUILD_DIR}/${CONFIGURATION}-${DEVICE_SIMULATOR}/${PROJECT_NAME}.framework/Modules/${PROJECT_NAME}.swiftmodule/.\"\nif [ -d \"${SIMULATOR_SWIFT_MODULES_DIR}\" ]; then\ncp -R \"${SIMULATOR_SWIFT_MODULES_DIR}\" \"${UNIVERSAL_OUTPUTFOLDER}/${PROJECT_NAME}.framework/Modules/${PROJECT_NAME}.swiftmodule\"\nfi\n\n# Step 7: Create universal binary file using lipo and place the combined executable in the copied framework directory\nlipo -create -output \"${UNIVERSAL_OUTPUTFOLDER}/${PROJECT_NAME}.framework/${PROJECT_NAME}\" \"${BUILD_DIR}/${CONFIGURATION}-${DEVICE_SIMULATOR}/${PROJECT_NAME}.framework/${PROJECT_NAME}\" \"${BUILD_DIR}/${CONFIGURATION}-${DEVICE_OS}/${PROJECT_NAME}.framework/${PROJECT_NAME}\"\n\n# Step 8: Convenience step to copy the framework to the project's directory\ncp -R \"${UNIVERSAL_OUTPUTFOLDER}/${PROJECT_NAME}.framework\" \"${UNIVERSAL_FRAMEWORKFOLDER}/\"\n\n# Step 9: Convenience step to open the project's directory in Finder\nopen \"${UNIVERSAL_FRAMEWORKFOLDER}/\"\n\n# Step 10: Testing\n# open \"${UNIVERSAL_OUTPUTFOLDER}\"\n";
		};
/* End PBXShellScriptBuildPhase section */

/* Begin PBXSourcesBuildPhase section */
		E755558C2187289300C46B5D /* Sources */ = {
			isa = PBXSourcesBuildPhase;
			buildActionMask = 2147483647;
			files = (
				E75555A2218728C000C46B5D /* EMVDevice.swift in Sources */,
				E755559E218728B700C46B5D /* BLE.swift in Sources */,
				E75555AE218728D300C46B5D /* String+Hex.swift in Sources */,
				E75555AB218728D300C46B5D /* UInt8Array+Hex.swift in Sources */,
				E75555AC218728D300C46B5D /* Collection+Hex.swift in Sources */,
				E755559F218728B700C46B5D /* BLEDevice.swift in Sources */,
				E75555AD218728D300C46B5D /* Data+Hex.swift in Sources */,
				E73604AA21881EDE0085CCE5 /* BeachyEMVReaderControl.swift in Sources */,
				E75555A5218728C600C46B5D /* DecryptionUtility.swift in Sources */,
			);
			runOnlyForDeploymentPostprocessing = 0;
		};
/* End PBXSourcesBuildPhase section */

/* Begin XCBuildConfiguration section */
		E75555962187289300C46B5D /* Debug */ = {
			isa = XCBuildConfiguration;
			buildSettings = {
				ALWAYS_SEARCH_USER_PATHS = NO;
				CLANG_ANALYZER_NONNULL = YES;
				CLANG_ANALYZER_NUMBER_OBJECT_CONVERSION = YES_AGGRESSIVE;
				CLANG_CXX_LANGUAGE_STANDARD = "gnu++14";
				CLANG_CXX_LIBRARY = "libc++";
				CLANG_ENABLE_MODULES = YES;
				CLANG_ENABLE_OBJC_ARC = YES;
				CLANG_ENABLE_OBJC_WEAK = YES;
				CLANG_WARN_BLOCK_CAPTURE_AUTORELEASING = YES;
				CLANG_WARN_BOOL_CONVERSION = YES;
				CLANG_WARN_COMMA = YES;
				CLANG_WARN_CONSTANT_CONVERSION = YES;
				CLANG_WARN_DEPRECATED_OBJC_IMPLEMENTATIONS = YES;
				CLANG_WARN_DIRECT_OBJC_ISA_USAGE = YES_ERROR;
				CLANG_WARN_DOCUMENTATION_COMMENTS = YES;
				CLANG_WARN_EMPTY_BODY = YES;
				CLANG_WARN_ENUM_CONVERSION = YES;
				CLANG_WARN_INFINITE_RECURSION = YES;
				CLANG_WARN_INT_CONVERSION = YES;
				CLANG_WARN_NON_LITERAL_NULL_CONVERSION = YES;
				CLANG_WARN_OBJC_IMPLICIT_RETAIN_SELF = YES;
				CLANG_WARN_OBJC_LITERAL_CONVERSION = YES;
				CLANG_WARN_OBJC_ROOT_CLASS = YES_ERROR;
				CLANG_WARN_RANGE_LOOP_ANALYSIS = YES;
				CLANG_WARN_STRICT_PROTOTYPES = YES;
				CLANG_WARN_SUSPICIOUS_MOVE = YES;
				CLANG_WARN_UNGUARDED_AVAILABILITY = YES_AGGRESSIVE;
				CLANG_WARN_UNREACHABLE_CODE = YES;
				CLANG_WARN__DUPLICATE_METHOD_MATCH = YES;
				CODE_SIGN_IDENTITY = "iPhone Developer";
				COPY_PHASE_STRIP = NO;
				CURRENT_PROJECT_VERSION = 1;
				DEBUG_INFORMATION_FORMAT = dwarf;
				ENABLE_STRICT_OBJC_MSGSEND = YES;
				ENABLE_TESTABILITY = YES;
				GCC_C_LANGUAGE_STANDARD = gnu11;
				GCC_DYNAMIC_NO_PIC = NO;
				GCC_NO_COMMON_BLOCKS = YES;
				GCC_OPTIMIZATION_LEVEL = 0;
				GCC_PREPROCESSOR_DEFINITIONS = (
					"DEBUG=1",
					"$(inherited)",
				);
				GCC_WARN_64_TO_32_BIT_CONVERSION = YES;
				GCC_WARN_ABOUT_RETURN_TYPE = YES_ERROR;
				GCC_WARN_UNDECLARED_SELECTOR = YES;
				GCC_WARN_UNINITIALIZED_AUTOS = YES_AGGRESSIVE;
				GCC_WARN_UNUSED_FUNCTION = YES;
				GCC_WARN_UNUSED_VARIABLE = YES;
				IPHONEOS_DEPLOYMENT_TARGET = 11.4;
				MTL_ENABLE_DEBUG_INFO = INCLUDE_SOURCE;
				MTL_FAST_MATH = YES;
				ONLY_ACTIVE_ARCH = YES;
				SDKROOT = iphoneos;
				SWIFT_ACTIVE_COMPILATION_CONDITIONS = DEBUG;
				SWIFT_OPTIMIZATION_LEVEL = "-Onone";
				VERSIONING_SYSTEM = "apple-generic";
				VERSION_INFO_PREFIX = "";
			};
			name = Debug;
		};
		E75555972187289300C46B5D /* Release */ = {
			isa = XCBuildConfiguration;
			buildSettings = {
				ALWAYS_SEARCH_USER_PATHS = NO;
				CLANG_ANALYZER_NONNULL = YES;
				CLANG_ANALYZER_NUMBER_OBJECT_CONVERSION = YES_AGGRESSIVE;
				CLANG_CXX_LANGUAGE_STANDARD = "gnu++14";
				CLANG_CXX_LIBRARY = "libc++";
				CLANG_ENABLE_MODULES = YES;
				CLANG_ENABLE_OBJC_ARC = YES;
				CLANG_ENABLE_OBJC_WEAK = YES;
				CLANG_WARN_BLOCK_CAPTURE_AUTORELEASING = YES;
				CLANG_WARN_BOOL_CONVERSION = YES;
				CLANG_WARN_COMMA = YES;
				CLANG_WARN_CONSTANT_CONVERSION = YES;
				CLANG_WARN_DEPRECATED_OBJC_IMPLEMENTATIONS = YES;
				CLANG_WARN_DIRECT_OBJC_ISA_USAGE = YES_ERROR;
				CLANG_WARN_DOCUMENTATION_COMMENTS = YES;
				CLANG_WARN_EMPTY_BODY = YES;
				CLANG_WARN_ENUM_CONVERSION = YES;
				CLANG_WARN_INFINITE_RECURSION = YES;
				CLANG_WARN_INT_CONVERSION = YES;
				CLANG_WARN_NON_LITERAL_NULL_CONVERSION = YES;
				CLANG_WARN_OBJC_IMPLICIT_RETAIN_SELF = YES;
				CLANG_WARN_OBJC_LITERAL_CONVERSION = YES;
				CLANG_WARN_OBJC_ROOT_CLASS = YES_ERROR;
				CLANG_WARN_RANGE_LOOP_ANALYSIS = YES;
				CLANG_WARN_STRICT_PROTOTYPES = YES;
				CLANG_WARN_SUSPICIOUS_MOVE = YES;
				CLANG_WARN_UNGUARDED_AVAILABILITY = YES_AGGRESSIVE;
				CLANG_WARN_UNREACHABLE_CODE = YES;
				CLANG_WARN__DUPLICATE_METHOD_MATCH = YES;
				CODE_SIGN_IDENTITY = "iPhone Developer";
				COPY_PHASE_STRIP = NO;
				CURRENT_PROJECT_VERSION = 1;
				DEBUG_INFORMATION_FORMAT = "dwarf-with-dsym";
				ENABLE_NS_ASSERTIONS = NO;
				ENABLE_STRICT_OBJC_MSGSEND = YES;
				GCC_C_LANGUAGE_STANDARD = gnu11;
				GCC_NO_COMMON_BLOCKS = YES;
				GCC_WARN_64_TO_32_BIT_CONVERSION = YES;
				GCC_WARN_ABOUT_RETURN_TYPE = YES_ERROR;
				GCC_WARN_UNDECLARED_SELECTOR = YES;
				GCC_WARN_UNINITIALIZED_AUTOS = YES_AGGRESSIVE;
				GCC_WARN_UNUSED_FUNCTION = YES;
				GCC_WARN_UNUSED_VARIABLE = YES;
				IPHONEOS_DEPLOYMENT_TARGET = 11.4;
				MTL_ENABLE_DEBUG_INFO = NO;
				MTL_FAST_MATH = YES;
				SDKROOT = iphoneos;
				SWIFT_COMPILATION_MODE = wholemodule;
				SWIFT_OPTIMIZATION_LEVEL = "-O";
				VALIDATE_PRODUCT = YES;
				VERSIONING_SYSTEM = "apple-generic";
				VERSION_INFO_PREFIX = "";
			};
			name = Release;
		};
		E75555992187289300C46B5D /* Debug */ = {
			isa = XCBuildConfiguration;
			buildSettings = {
				ALWAYS_EMBED_SWIFT_STANDARD_LIBRARIES = NO;
				APPLICATION_EXTENSION_API_ONLY = NO;
				CODE_SIGN_IDENTITY = "";
				CODE_SIGN_STYLE = Automatic;
				DEFINES_MODULE = YES;
				DEVELOPMENT_TEAM = C448G82Z59;
				DYLIB_COMPATIBILITY_VERSION = 1;
				DYLIB_CURRENT_VERSION = 1;
				DYLIB_INSTALL_NAME_BASE = "@rpath";
				FRAMEWORK_SEARCH_PATHS = (
					"$(inherited)",
					"$(PROJECT_DIR)",
					"$(PROJECT_DIR)/BeachyEMVReaderControl/IDTech",
					"$(PROJECT_DIR)/BeachyEMVReaderControl",
				);
				INFOPLIST_FILE = BeachyEMVReaderControl/Info.plist;
				INSTALL_PATH = "$(LOCAL_LIBRARY_DIR)/Frameworks";
				IPHONEOS_DEPLOYMENT_TARGET = 11.4;
				LD_RUNPATH_SEARCH_PATHS = (
					"$(inherited)",
					"@executable_path/Frameworks",
					"@loader_path/Frameworks",
				);
				OTHER_LDFLAGS = "$(inherited)";
				PRODUCT_BUNDLE_IDENTIFIER = beachy.BeachyEMVReaderControl;
				PRODUCT_NAME = "$(TARGET_NAME:c99extidentifier)";
				SKIP_INSTALL = YES;
				SWIFT_INCLUDE_PATHS = "$(SRCROOT)/BeachyEMVReaderControl/ProjectModule";
				SWIFT_OBJC_BRIDGING_HEADER = "";
				SWIFT_VERSION = 4.2;
				TARGETED_DEVICE_FAMILY = "1,2";
				VALID_ARCHS = "arm64 armv7 armv7s i386 x86_64";
			};
			name = Debug;
		};
		E755559A2187289300C46B5D /* Release */ = {
			isa = XCBuildConfiguration;
			buildSettings = {
				ALWAYS_EMBED_SWIFT_STANDARD_LIBRARIES = NO;
				APPLICATION_EXTENSION_API_ONLY = NO;
				CODE_SIGN_IDENTITY = "";
				CODE_SIGN_STYLE = Automatic;
				DEFINES_MODULE = YES;
				DEVELOPMENT_TEAM = C448G82Z59;
				DYLIB_COMPATIBILITY_VERSION = 1;
				DYLIB_CURRENT_VERSION = 1;
				DYLIB_INSTALL_NAME_BASE = "@rpath";
				FRAMEWORK_SEARCH_PATHS = (
					"$(inherited)",
					"$(PROJECT_DIR)",
					"$(PROJECT_DIR)/BeachyEMVReaderControl/IDTech",
					"$(PROJECT_DIR)/BeachyEMVReaderControl",
				);
				INFOPLIST_FILE = BeachyEMVReaderControl/Info.plist;
				INSTALL_PATH = "$(LOCAL_LIBRARY_DIR)/Frameworks";
				IPHONEOS_DEPLOYMENT_TARGET = 11.4;
				LD_RUNPATH_SEARCH_PATHS = (
					"$(inherited)",
					"@executable_path/Frameworks",
					"@loader_path/Frameworks",
				);
				OTHER_LDFLAGS = "$(inherited)";
				PRODUCT_BUNDLE_IDENTIFIER = beachy.BeachyEMVReaderControl;
				PRODUCT_NAME = "$(TARGET_NAME:c99extidentifier)";
				SKIP_INSTALL = YES;
				SWIFT_INCLUDE_PATHS = "$(SRCROOT)/BeachyEMVReaderControl/ProjectModule";
				SWIFT_OBJC_BRIDGING_HEADER = "";
				SWIFT_VERSION = 4.2;
				TARGETED_DEVICE_FAMILY = "1,2";
				VALID_ARCHS = "arm64 armv7 armv7s i386 x86_64";
			};
			name = Release;
		};
		E7C47C8B2189AD5E009F4FFE /* Debug */ = {
			isa = XCBuildConfiguration;
			buildSettings = {
				CODE_SIGN_IDENTITY = "iPhone Developer";
				CODE_SIGN_STYLE = Automatic;
				DEVELOPMENT_TEAM = C448G82Z59;
				PRODUCT_NAME = "$(TARGET_NAME)";
			};
			name = Debug;
		};
		E7C47C8C2189AD5E009F4FFE /* Release */ = {
			isa = XCBuildConfiguration;
			buildSettings = {
				CODE_SIGN_IDENTITY = "iPhone Distribution";
				CODE_SIGN_STYLE = Automatic;
				DEVELOPMENT_TEAM = C448G82Z59;
				PRODUCT_NAME = "$(TARGET_NAME)";
			};
			name = Release;
		};
/* End XCBuildConfiguration section */

/* Begin XCConfigurationList section */
		E755558A2187289300C46B5D /* Build configuration list for PBXProject "BeachyEMVReaderControl" */ = {
			isa = XCConfigurationList;
			buildConfigurations = (
				E75555962187289300C46B5D /* Debug */,
				E75555972187289300C46B5D /* Release */,
			);
			defaultConfigurationIsVisible = 0;
			defaultConfigurationName = Release;
		};
		E75555982187289300C46B5D /* Build configuration list for PBXNativeTarget "BeachyEMVReaderControl" */ = {
			isa = XCConfigurationList;
			buildConfigurations = (
				E75555992187289300C46B5D /* Debug */,
				E755559A2187289300C46B5D /* Release */,
			);
			defaultConfigurationIsVisible = 0;
			defaultConfigurationName = Release;
		};
		E7C47C8D2189AD5E009F4FFE /* Build configuration list for PBXAggregateTarget "Package iOS" */ = {
			isa = XCConfigurationList;
			buildConfigurations = (
				E7C47C8B2189AD5E009F4FFE /* Debug */,
				E7C47C8C2189AD5E009F4FFE /* Release */,
			);
			defaultConfigurationIsVisible = 0;
			defaultConfigurationName = Release;
		};
/* End XCConfigurationList section */
	};
	rootObject = E75555872187289300C46B5D /* Project object */;
}
